
Microsoft Visual Studio Solution File, Format Version 12.00
# Visual Studio Version 17
VisualStudioVersion = 17.9.34902.65
MinimumVisualStudioVersion = 10.0.40219.1
Project("{F184B08F-C81C-45F6-A57F-5ABD9991F28F}") = "EV2_Kevin_Canales", "EV2_Kevin_Canales\EV2_Kevin_Canales.vbproj", "{D08E5388-AEBF-44F7-AD50-1FFBF0940B98}"
EndProject
Global
	GlobalSection(SolutionConfigurationPlatforms) = preSolution
		Debug|Any CPU = Debug|Any CPU
		Release|Any CPU = Release|Any CPU
	EndGlobalSection
	GlobalSection(ProjectConfigurationPlatforms) = postSolution
		{D08E5388-AEBF-44F7-AD50-1FFBF0940B98}.Debug|Any CPU.ActiveCfg = Debug|Any CPU
		{D08E5388-AEBF-44F7-AD50-1FFBF0940B98}.Debug|Any CPU.Build.0 = Debug|Any CPU
		{D08E5388-AEBF-44F7-AD50-1FFBF0940B98}.Release|Any CPU.ActiveCfg = Release|Any CPU
		{D08E5388-AEBF-44F7-AD50-1FFBF0940B98}.Release|Any CPU.Build.0 = Release|Any CPU
	EndGlobalSection
	GlobalSection(SolutionProperties) = preSolution
		HideSolutionNode = FALSE
	EndGlobalSection
	GlobalSection(ExtensibilityGlobals) = postSolution
		SolutionGuid = {658A802B-C93A-430A-8BE4-B9FA12065C77}
	EndGlobalSection
EndGlobal
